
Microsoft Visual Studio Solution File, Format Version 12.00
# Visual Studio 15
VisualStudioVersion = 15.0.27130.2024
MinimumVisualStudioVersion = 10.0.40219.1
Project("{FAE04EC0-301F-11D3-BF4B-00C04F79EFBC}") = "C-sharp Language Basics", "C-sharp Language Basics\C-sharp Language Basics.csproj", "{F350F414-23E0-41D0-A8C8-4AA8C795E8D4}"
EndProject
Global
	GlobalSection(SolutionConfigurationPlatforms) = preSolution
		Debug|Any CPU = Debug|Any CPU
		Release|Any CPU = Release|Any CPU
	EndGlobalSection
	GlobalSection(ProjectConfigurationPlatforms) = postSolution
		{F350F414-23E0-41D0-A8C8-4AA8C795E8D4}.Debug|Any CPU.ActiveCfg = Debug|Any CPU
		{F350F414-23E0-41D0-A8C8-4AA8C795E8D4}.Debug|Any CPU.Build.0 = Debug|Any CPU
		{F350F414-23E0-41D0-A8C8-4AA8C795E8D4}.Release|Any CPU.ActiveCfg = Release|Any CPU
		{F350F414-23E0-41D0-A8C8-4AA8C795E8D4}.Release|Any CPU.Build.0 = Release|Any CPU
	EndGlobalSection
	GlobalSection(SolutionProperties) = preSolution
		HideSolutionNode = FALSE
	EndGlobalSection
	GlobalSection(ExtensibilityGlobals) = postSolution
		SolutionGuid = {1331A928-F1E3-4D5E-9D68-EC3921EAAA23}
	EndGlobalSection
EndGlobal
